// !$*UTF8*$!
{
	archiveVersion = 1;
	classes = {
	};
	objectVersion = 50;
	objects = {

/* Begin PBXBuildFile section */
		FA340A9B24F6D71900527600 /* AppDelegate.swift in Sources */ = {isa = PBXBuildFile; fileRef = FA340A9A24F6D71900527600 /* AppDelegate.swift */; };
		FA340A9D24F6D71900527600 /* SceneDelegate.swift in Sources */ = {isa = PBXBuildFile; fileRef = FA340A9C24F6D71900527600 /* SceneDelegate.swift */; };
		FA340AA224F6D71900527600 /* Main.storyboard in Resources */ = {isa = PBXBuildFile; fileRef = FA340AA024F6D71900527600 /* Main.storyboard */; };
		FA340AA624F6D71A00527600 /* Assets.xcassets in Resources */ = {isa = PBXBuildFile; fileRef = FA340AA524F6D71A00527600 /* Assets.xcassets */; };
		FA340AA924F6D71A00527600 /* LaunchScreen.storyboard in Resources */ = {isa = PBXBuildFile; fileRef = FA340AA724F6D71A00527600 /* LaunchScreen.storyboard */; };
		FA340AB924F6D80000527600 /* Quizz.swift in Sources */ = {isa = PBXBuildFile; fileRef = FA340AB824F6D80000527600 /* Quizz.swift */; };
		FA340ABB24F6D81100527600 /* QuizzController.swift in Sources */ = {isa = PBXBuildFile; fileRef = FA340ABA24F6D81100527600 /* QuizzController.swift */; };
		FA340ABD24F6D82C00527600 /* QuizzViewController.swift in Sources */ = {isa = PBXBuildFile; fileRef = FA340ABC24F6D82C00527600 /* QuizzViewController.swift */; };
		FA340ABF24F6D88400527600 /* QuizzCustomView.swift in Sources */ = {isa = PBXBuildFile; fileRef = FA340ABE24F6D88400527600 /* QuizzCustomView.swift */; };
		FA340AC124F6D89600527600 /* QuizzExtensions.swift in Sources */ = {isa = PBXBuildFile; fileRef = FA340AC024F6D89600527600 /* QuizzExtensions.swift */; };
/* End PBXBuildFile section */

/* Begin PBXFileReference section */
		FA340A9724F6D71900527600 /* DabTrivia.app */ = {isa = PBXFileReference; explicitFileType = wrapper.application; includeInIndex = 0; path = DabTrivia.app; sourceTree = BUILT_PRODUCTS_DIR; };
		FA340A9A24F6D71900527600 /* AppDelegate.swift */ = {isa = PBXFileReference; lastKnownFileType = sourcecode.swift; path = AppDelegate.swift; sourceTree = "<group>"; };
		FA340A9C24F6D71900527600 /* SceneDelegate.swift */ = {isa = PBXFileReference; lastKnownFileType = sourcecode.swift; path = SceneDelegate.swift; sourceTree = "<group>"; };
		FA340AA124F6D71900527600 /* Base */ = {isa = PBXFileReference; lastKnownFileType = file.storyboard; name = Base; path = Base.lproj/Main.storyboard; sourceTree = "<group>"; };
		FA340AA524F6D71A00527600 /* Assets.xcassets */ = {isa = PBXFileReference; lastKnownFileType = folder.assetcatalog; path = Assets.xcassets; sourceTree = "<group>"; };
		FA340AA824F6D71A00527600 /* Base */ = {isa = PBXFileReference; lastKnownFileType = file.storyboard; name = Base; path = Base.lproj/LaunchScreen.storyboard; sourceTree = "<group>"; };
		FA340AAA24F6D71A00527600 /* Info.plist */ = {isa = PBXFileReference; lastKnownFileType = text.plist.xml; path = Info.plist; sourceTree = "<group>"; };
		FA340AB824F6D80000527600 /* Quizz.swift */ = {isa = PBXFileReference; lastKnownFileType = sourcecode.swift; path = Quizz.swift; sourceTree = "<group>"; };
		FA340ABA24F6D81100527600 /* QuizzController.swift */ = {isa = PBXFileReference; lastKnownFileType = sourcecode.swift; path = QuizzController.swift; sourceTree = "<group>"; };
		FA340ABC24F6D82C00527600 /* QuizzViewController.swift */ = {isa = PBXFileReference; lastKnownFileType = sourcecode.swift; path = QuizzViewController.swift; sourceTree = "<group>"; };
		FA340ABE24F6D88400527600 /* QuizzCustomView.swift */ = {isa = PBXFileReference; lastKnownFileType = sourcecode.swift; path = QuizzCustomView.swift; sourceTree = "<group>"; };
		FA340AC024F6D89600527600 /* QuizzExtensions.swift */ = {isa = PBXFileReference; lastKnownFileType = sourcecode.swift; path = QuizzExtensions.swift; sourceTree = "<group>"; };
/* End PBXFileReference section */

/* Begin PBXFrameworksBuildPhase section */
		FA340A9424F6D71900527600 /* Frameworks */ = {
			isa = PBXFrameworksBuildPhase;
			buildActionMask = 2147483647;
			files = (
			);
			runOnlyForDeploymentPostprocessing = 0;
		};
/* End PBXFrameworksBuildPhase section */

/* Begin PBXGroup section */
		FA340A8E24F6D71900527600 = {
			isa = PBXGroup;
			children = (
				FA340A9924F6D71900527600 /* DabTrivia */,
				FA340A9824F6D71900527600 /* Products */,
			);
			sourceTree = "<group>";
		};
		FA340A9824F6D71900527600 /* Products */ = {
			isa = PBXGroup;
			children = (
				FA340A9724F6D71900527600 /* DabTrivia.app */,
			);
			name = Products;
			sourceTree = "<group>";
		};
		FA340A9924F6D71900527600 /* DabTrivia */ = {
			isa = PBXGroup;
			children = (
				FA340AB724F6D7CE00527600 /* Helpers */,
				FA340AB624F6D7C600527600 /* Custom Views */,
				FA340AB324F6D7A700527600 /* Controllers */,
				FA340AB224F6D79E00527600 /* model */,
				FA340AB024F6D73200527600 /* Resources */,
				FA340AB124F6D73F00527600 /* Storyboards */,
			);
			path = DabTrivia;
			sourceTree = "<group>";
		};
		FA340AB024F6D73200527600 /* Resources */ = {
			isa = PBXGroup;
			children = (
				FA340A9A24F6D71900527600 /* AppDelegate.swift */,
				FA340A9C24F6D71900527600 /* SceneDelegate.swift */,
				FA340AA524F6D71A00527600 /* Assets.xcassets */,
				FA340AAA24F6D71A00527600 /* Info.plist */,
			);
			path = Resources;
			sourceTree = "<group>";
		};
		FA340AB124F6D73F00527600 /* Storyboards */ = {
			isa = PBXGroup;
			children = (
				FA340AA024F6D71900527600 /* Main.storyboard */,
				FA340AA724F6D71A00527600 /* LaunchScreen.storyboard */,
			);
			path = Storyboards;
			sourceTree = "<group>";
		};
		FA340AB224F6D79E00527600 /* model */ = {
			isa = PBXGroup;
			children = (
				FA340AB824F6D80000527600 /* Quizz.swift */,
			);
			path = model;
			sourceTree = "<group>";
		};
		FA340AB324F6D7A700527600 /* Controllers */ = {
			isa = PBXGroup;
			children = (
				FA340AB524F6D7B300527600 /* Model Controllers */,
				FA340AB424F6D7AD00527600 /* View Controllers */,
			);
			path = Controllers;
			sourceTree = "<group>";
		};
		FA340AB424F6D7AD00527600 /* View Controllers */ = {
			isa = PBXGroup;
			children = (
				FA340ABC24F6D82C00527600 /* QuizzViewController.swift */,
			);
			path = "View Controllers";
			sourceTree = "<group>";
		};
		FA340AB524F6D7B300527600 /* Model Controllers */ = {
			isa = PBXGroup;
			children = (
				FA340ABA24F6D81100527600 /* QuizzController.swift */,
			);
			path = "Model Controllers";
			sourceTree = "<group>";
		};
		FA340AB624F6D7C600527600 /* Custom Views */ = {
			isa = PBXGroup;
			children = (
				FA340ABE24F6D88400527600 /* QuizzCustomView.swift */,
			);
			path = "Custom Views";
			sourceTree = "<group>";
		};
		FA340AB724F6D7CE00527600 /* Helpers */ = {
			isa = PBXGroup;
			children = (
				FA340AC024F6D89600527600 /* QuizzExtensions.swift */,
			);
			path = Helpers;
			sourceTree = "<group>";
		};
/* End PBXGroup section */

/* Begin PBXNativeTarget section */
		FA340A9624F6D71900527600 /* DabTrivia */ = {
			isa = PBXNativeTarget;
			buildConfigurationList = FA340AAD24F6D71A00527600 /* Build configuration list for PBXNativeTarget "DabTrivia" */;
			buildPhases = (
				FA340A9324F6D71900527600 /* Sources */,
				FA340A9424F6D71900527600 /* Frameworks */,
				FA340A9524F6D71900527600 /* Resources */,
			);
			buildRules = (
			);
			dependencies = (
			);
			name = DabTrivia;
			productName = DabTrivia;
			productReference = FA340A9724F6D71900527600 /* DabTrivia.app */;
			productType = "com.apple.product-type.application";
		};
/* End PBXNativeTarget section */

/* Begin PBXProject section */
		FA340A8F24F6D71900527600 /* Project object */ = {
			isa = PBXProject;
			attributes = {
				LastSwiftUpdateCheck = 1200;
				LastUpgradeCheck = 1200;
				ORGANIZATIONNAME = "DAB Fellows";
				TargetAttributes = {
					FA340A9624F6D71900527600 = {
						CreatedOnToolsVersion = 12.0;
					};
				};
			};
			buildConfigurationList = FA340A9224F6D71900527600 /* Build configuration list for PBXProject "DabTrivia" */;
			compatibilityVersion = "Xcode 9.3";
			developmentRegion = en;
			hasScannedForEncodings = 0;
			knownRegions = (
				en,
				Base,
			);
			mainGroup = FA340A8E24F6D71900527600;
			productRefGroup = FA340A9824F6D71900527600 /* Products */;
			projectDirPath = "";
			projectRoot = "";
			targets = (
				FA340A9624F6D71900527600 /* DabTrivia */,
			);
		};
/* End PBXProject section */

/* Begin PBXResourcesBuildPhase section */
		FA340A9524F6D71900527600 /* Resources */ = {
			isa = PBXResourcesBuildPhase;
			buildActionMask = 2147483647;
			files = (
				FA340AA924F6D71A00527600 /* LaunchScreen.storyboard in Resources */,
				FA340AA624F6D71A00527600 /* Assets.xcassets in Resources */,
				FA340AA224F6D71900527600 /* Main.storyboard in Resources */,
			);
			runOnlyForDeploymentPostprocessing = 0;
		};
/* End PBXResourcesBuildPhase section */

/* Begin PBXSourcesBuildPhase section */
		FA340A9324F6D71900527600 /* Sources */ = {
			isa = PBXSourcesBuildPhase;
			buildActionMask = 2147483647;
			files = (
				FA340A9B24F6D71900527600 /* AppDelegate.swift in Sources */,
				FA340AB924F6D80000527600 /* Quizz.swift in Sources */,
				FA340A9D24F6D71900527600 /* SceneDelegate.swift in Sources */,
				FA340ABB24F6D81100527600 /* QuizzController.swift in Sources */,
				FA340ABD24F6D82C00527600 /* QuizzViewController.swift in Sources */,
				FA340AC124F6D89600527600 /* QuizzExtensions.swift in Sources */,
				FA340ABF24F6D88400527600 /* QuizzCustomView.swift in Sources */,
			);
			runOnlyForDeploymentPostprocessing = 0;
		};
/* End PBXSourcesBuildPhase section */

/* Begin PBXVariantGroup section */
		FA340AA024F6D71900527600 /* Main.storyboard */ = {
			isa = PBXVariantGroup;
			children = (
				FA340AA124F6D71900527600 /* Base */,
			);
			name = Main.storyboard;
			sourceTree = "<group>";
		};
		FA340AA724F6D71A00527600 /* LaunchScreen.storyboard */ = {
			isa = PBXVariantGroup;
			children = (
				FA340AA824F6D71A00527600 /* Base */,
			);
			name = LaunchScreen.storyboard;
			sourceTree = "<group>";
		};
/* End PBXVariantGroup section */

/* Begin XCBuildConfiguration section */
		FA340AAB24F6D71A00527600 /* Debug */ = {
			isa = XCBuildConfiguration;
			buildSettings = {
				ALWAYS_SEARCH_USER_PATHS = NO;
				CLANG_ANALYZER_NONNULL = YES;
				CLANG_ANALYZER_NUMBER_OBJECT_CONVERSION = YES_AGGRESSIVE;
				CLANG_CXX_LANGUAGE_STANDARD = "gnu++14";
				CLANG_CXX_LIBRARY = "libc++";
				CLANG_ENABLE_MODULES = YES;
				CLANG_ENABLE_OBJC_ARC = YES;
				CLANG_ENABLE_OBJC_WEAK = YES;
				CLANG_WARN_BLOCK_CAPTURE_AUTORELEASING = YES;
				CLANG_WARN_BOOL_CONVERSION = YES;
				CLANG_WARN_COMMA = YES;
				CLANG_WARN_CONSTANT_CONVERSION = YES;
				CLANG_WARN_DEPRECATED_OBJC_IMPLEMENTATIONS = YES;
				CLANG_WARN_DIRECT_OBJC_ISA_USAGE = YES_ERROR;
				CLANG_WARN_DOCUMENTATION_COMMENTS = YES;
				CLANG_WARN_EMPTY_BODY = YES;
				CLANG_WARN_ENUM_CONVERSION = YES;
				CLANG_WARN_INFINITE_RECURSION = YES;
				CLANG_WARN_INT_CONVERSION = YES;
				CLANG_WARN_NON_LITERAL_NULL_CONVERSION = YES;
				CLANG_WARN_OBJC_IMPLICIT_RETAIN_SELF = YES;
				CLANG_WARN_OBJC_LITERAL_CONVERSION = YES;
				CLANG_WARN_OBJC_ROOT_CLASS = YES_ERROR;
				CLANG_WARN_QUOTED_INCLUDE_IN_FRAMEWORK_HEADER = YES;
				CLANG_WARN_RANGE_LOOP_ANALYSIS = YES;
				CLANG_WARN_STRICT_PROTOTYPES = YES;
				CLANG_WARN_SUSPICIOUS_MOVE = YES;
				CLANG_WARN_UNGUARDED_AVAILABILITY = YES_AGGRESSIVE;
				CLANG_WARN_UNREACHABLE_CODE = YES;
				CLANG_WARN__DUPLICATE_METHOD_MATCH = YES;
				COPY_PHASE_STRIP = NO;
				DEBUG_INFORMATION_FORMAT = dwarf;
				ENABLE_STRICT_OBJC_MSGSEND = YES;
				ENABLE_TESTABILITY = YES;
				GCC_C_LANGUAGE_STANDARD = gnu11;
				GCC_DYNAMIC_NO_PIC = NO;
				GCC_NO_COMMON_BLOCKS = YES;
				GCC_OPTIMIZATION_LEVEL = 0;
				GCC_PREPROCESSOR_DEFINITIONS = (
					"DEBUG=1",
					"$(inherited)",
				);
				GCC_WARN_64_TO_32_BIT_CONVERSION = YES;
				GCC_WARN_ABOUT_RETURN_TYPE = YES_ERROR;
				GCC_WARN_UNDECLARED_SELECTOR = YES;
				GCC_WARN_UNINITIALIZED_AUTOS = YES_AGGRESSIVE;
				GCC_WARN_UNUSED_FUNCTION = YES;
				GCC_WARN_UNUSED_VARIABLE = YES;
				IPHONEOS_DEPLOYMENT_TARGET = 13.5;
				MTL_ENABLE_DEBUG_INFO = INCLUDE_SOURCE;
				MTL_FAST_MATH = YES;
				ONLY_ACTIVE_ARCH = YES;
				SDKROOT = iphoneos;
				SWIFT_ACTIVE_COMPILATION_CONDITIONS = DEBUG;
				SWIFT_OPTIMIZATION_LEVEL = "-Onone";
			};
			name = Debug;
		};
		FA340AAC24F6D71A00527600 /* Release */ = {
			isa = XCBuildConfiguration;
			buildSettings = {
				ALWAYS_SEARCH_USER_PATHS = NO;
				CLANG_ANALYZER_NONNULL = YES;
				CLANG_ANALYZER_NUMBER_OBJECT_CONVERSION = YES_AGGRESSIVE;
				CLANG_CXX_LANGUAGE_STANDARD = "gnu++14";
				CLANG_CXX_LIBRARY = "libc++";
				CLANG_ENABLE_MODULES = YES;
				CLANG_ENABLE_OBJC_ARC = YES;
				CLANG_ENABLE_OBJC_WEAK = YES;
				CLANG_WARN_BLOCK_CAPTURE_AUTORELEASING = YES;
				CLANG_WARN_BOOL_CONVERSION = YES;
				CLANG_WARN_COMMA = YES;
				CLANG_WARN_CONSTANT_CONVERSION = YES;
				CLANG_WARN_DEPRECATED_OBJC_IMPLEMENTATIONS = YES;
				CLANG_WARN_DIRECT_OBJC_ISA_USAGE = YES_ERROR;
				CLANG_WARN_DOCUMENTATION_COMMENTS = YES;
				CLANG_WARN_EMPTY_BODY = YES;
				CLANG_WARN_ENUM_CONVERSION = YES;
				CLANG_WARN_INFINITE_RECURSION = YES;
				CLANG_WARN_INT_CONVERSION = YES;
				CLANG_WARN_NON_LITERAL_NULL_CONVERSION = YES;
				CLANG_WARN_OBJC_IMPLICIT_RETAIN_SELF = YES;
				CLANG_WARN_OBJC_LITERAL_CONVERSION = YES;
				CLANG_WARN_OBJC_ROOT_CLASS = YES_ERROR;
				CLANG_WARN_QUOTED_INCLUDE_IN_FRAMEWORK_HEADER = YES;
				CLANG_WARN_RANGE_LOOP_ANALYSIS = YES;
				CLANG_WARN_STRICT_PROTOTYPES = YES;
				CLANG_WARN_SUSPICIOUS_MOVE = YES;
				CLANG_WARN_UNGUARDED_AVAILABILITY = YES_AGGRESSIVE;
				CLANG_WARN_UNREACHABLE_CODE = YES;
				CLANG_WARN__DUPLICATE_METHOD_MATCH = YES;
				COPY_PHASE_STRIP = NO;
				DEBUG_INFORMATION_FORMAT = "dwarf-with-dsym";
				ENABLE_NS_ASSERTIONS = NO;
				ENABLE_STRICT_OBJC_MSGSEND = YES;
				GCC_C_LANGUAGE_STANDARD = gnu11;
				GCC_NO_COMMON_BLOCKS = YES;
				GCC_WARN_64_TO_32_BIT_CONVERSION = YES;
				GCC_WARN_ABOUT_RETURN_TYPE = YES_ERROR;
				GCC_WARN_UNDECLARED_SELECTOR = YES;
				GCC_WARN_UNINITIALIZED_AUTOS = YES_AGGRESSIVE;
				GCC_WARN_UNUSED_FUNCTION = YES;
				GCC_WARN_UNUSED_VARIABLE = YES;
				IPHONEOS_DEPLOYMENT_TARGET = 13.5;
				MTL_ENABLE_DEBUG_INFO = NO;
				MTL_FAST_MATH = YES;
				SDKROOT = iphoneos;
				SWIFT_COMPILATION_MODE = wholemodule;
				SWIFT_OPTIMIZATION_LEVEL = "-O";
				VALIDATE_PRODUCT = YES;
			};
			name = Release;
		};
		FA340AAE24F6D71A00527600 /* Debug */ = {
			isa = XCBuildConfiguration;
			buildSettings = {
				ASSETCATALOG_COMPILER_APPICON_NAME = AppIcon;
				ASSETCATALOG_COMPILER_GLOBAL_ACCENT_COLOR_NAME = AccentColor;
				CODE_SIGN_STYLE = Automatic;
				DEVELOPMENT_TEAM = UUS58J95U8;
				INFOPLIST_FILE = DabTrivia/Resources/Info.plist;
				LD_RUNPATH_SEARCH_PATHS = (
					"$(inherited)",
					"@executable_path/Frameworks",
				);
				PRODUCT_BUNDLE_IDENTIFIER = com.alexlundquist.DabTrivia;
				PRODUCT_NAME = "$(TARGET_NAME)";
				SWIFT_VERSION = 5.0;
				TARGETED_DEVICE_FAMILY = "1,2";
			};
			name = Debug;
		};
		FA340AAF24F6D71A00527600 /* Release */ = {
			isa = XCBuildConfiguration;
			buildSettings = {
				ASSETCATALOG_COMPILER_APPICON_NAME = AppIcon;
				ASSETCATALOG_COMPILER_GLOBAL_ACCENT_COLOR_NAME = AccentColor;
				CODE_SIGN_STYLE = Automatic;
				DEVELOPMENT_TEAM = UUS58J95U8;
				INFOPLIST_FILE = DabTrivia/Resources/Info.plist;
				LD_RUNPATH_SEARCH_PATHS = (
					"$(inherited)",
					"@executable_path/Frameworks",
				);
				PRODUCT_BUNDLE_IDENTIFIER = com.alexlundquist.DabTrivia;
				PRODUCT_NAME = "$(TARGET_NAME)";
				SWIFT_VERSION = 5.0;
				TARGETED_DEVICE_FAMILY = "1,2";
			};
			name = Release;
		};
/* End XCBuildConfiguration section */

/* Begin XCConfigurationList section */
		FA340A9224F6D71900527600 /* Build configuration list for PBXProject "DabTrivia" */ = {
			isa = XCConfigurationList;
			buildConfigurations = (
				FA340AAB24F6D71A00527600 /* Debug */,
				FA340AAC24F6D71A00527600 /* Release */,
			);
			defaultConfigurationIsVisible = 0;
			defaultConfigurationName = Release;
		};
		FA340AAD24F6D71A00527600 /* Build configuration list for PBXNativeTarget "DabTrivia" */ = {
			isa = XCConfigurationList;
			buildConfigurations = (
				FA340AAE24F6D71A00527600 /* Debug */,
				FA340AAF24F6D71A00527600 /* Release */,
			);
			defaultConfigurationIsVisible = 0;
			defaultConfigurationName = Release;
		};
/* End XCConfigurationList section */
	};
	rootObject = FA340A8F24F6D71900527600 /* Project object */;
}
